Microsoft Visual Studio Solution File, Format Version 12.00
# Visual Studio 14
Project("{8BC9CEB8-8B4A-11D0-8D11-00A0C91BC942}") = "ALL_BUILD", "ALL_BUILD.vcxproj", "{CD77B642-10C3-3E53-8D4F-830E202866A7}"
	ProjectSection(ProjectDependencies) = postProject
		{A9678F74-FA8E-399C-9DE0-A5CB3FD4D425} = {A9678F74-FA8E-399C-9DE0-A5CB3FD4D425}
		{8C012CEC-8583-3EAE-B256-3843B57D9C28} = {8C012CEC-8583-3EAE-B256-3843B57D9C28}
		{C04A57FC-796F-320A-A4EB-28D32CC2324B} = {C04A57FC-796F-320A-A4EB-28D32CC2324B}
		{C2D815DF-507E-3FC3-B9B7-5CBEB888352E} = {C2D815DF-507E-3FC3-B9B7-5CBEB888352E}
		{E8EADE15-BC31-3197-B2ED-84E9EEE1356C} = {E8EADE15-BC31-3197-B2ED-84E9EEE1356C}
		{FC0254CE-1B99-38AC-9ECF-38883B870394} = {FC0254CE-1B99-38AC-9ECF-38883B870394}
		{E7334D08-A855-3A8C-919C-61396D691780} = {E7334D08-A855-3A8C-919C-61396D691780}
		{E9C3AE87-285C-3E8D-9555-BD440124A1C5} = {E9C3AE87-285C-3E8D-9555-BD440124A1C5}
		{F05BFA83-7739-3E3E-8527-3CBCBE4E37FE} = {F05BFA83-7739-3E3E-8527-3CBCBE4E37FE}
		{449E3640-2322-31DA-9034-FEFDC2C893E7} = {449E3640-2322-31DA-9034-FEFDC2C893E7}
		{D53B2886-01E7-3298-9D98-70E1D4BFF342} = {D53B2886-01E7-3298-9D98-70E1D4BFF342}
		{F6F04061-76ED-379F-B806-3D5343A1AA9F} = {F6F04061-76ED-379F-B806-3D5343A1AA9F}
		{D7F4677F-0F0A-3DC8-ADF3-452DD7DA543E} = {D7F4677F-0F0A-3DC8-ADF3-452DD7DA543E}
		{59C9CC81-8E9E-3CFC-85E0-3D919011115C} = {59C9CC81-8E9E-3CFC-85E0-3D919011115C}
		{BAA55699-87D5-33F3-AE87-2311B624DF16} = {BAA55699-87D5-33F3-AE87-2311B624DF16}
		{309F7654-7E5D-3E55-AFF4-9E825B3CBAB5} = {309F7654-7E5D-3E55-AFF4-9E825B3CBAB5}
		{BAD1B513-88D3-335F-885C-595248336A6F} = {BAD1B513-88D3-335F-885C-595248336A6F}
		{16CF0C17-A76A-3229-A682-90C748F6B889} = {16CF0C17-A76A-3229-A682-90C748F6B889}
		{78A380F4-B7FB-3214-99A7-04D29553A68C} = {78A380F4-B7FB-3214-99A7-04D29553A68C}
		{AAFA38E5-29B6-3104-81ED-6BAA90BF7FA0} = {AAFA38E5-29B6-3104-81ED-6BAA90BF7FA0}
		{36C08075-0E75-3765-B91C-2D1A4EDFB8CA} = {36C08075-0E75-3765-B91C-2D1A4EDFB8CA}
		{6B9D75F2-A355-3E22-AF01-B0DE8B6538C2} = {6B9D75F2-A355-3E22-AF01-B0DE8B6538C2}
		{61A91AC5-E5A0-3E8A-BE10-9663BBF22551} = {61A91AC5-E5A0-3E8A-BE10-9663BBF22551}
		{2F414702-194F-3203-B7EA-372B45FAAC47} = {2F414702-194F-3203-B7EA-372B45FAAC47}
		{E585C059-FC58-39FA-918B-DFCC8565FC94} = {E585C059-FC58-39FA-918B-DFCC8565FC94}
		{29A342EE-1F45-3DC5-A9AD-D6ABBB7C7466} = {29A342EE-1F45-3DC5-A9AD-D6ABBB7C7466}
		{2CCA9FF1-D91C-33F3-9476-7B494AF715B0} = {2CCA9FF1-D91C-33F3-9476-7B494AF715B0}
		{2ED152DD-AAE2-3861-A489-9AA4D119EE00} = {2ED152DD-AAE2-3861-A489-9AA4D119EE00}
	EndProjectSection
EndProject
Project("{8BC9CEB8-8B4A-11D0-8D11-00A0C91BC942}") = "Continuous", "Continuous.vcxproj", "{2607470B-A606-3034-B2A4-9D4E208A1294}"
	ProjectSection(ProjectDependencies) = postProject
		{FC0254CE-1B99-38AC-9ECF-38883B870394} = {FC0254CE-1B99-38AC-9ECF-38883B870394}
	EndProjectSection
EndProject
Project("{8BC9CEB8-8B4A-11D0-8D11-00A0C91BC942}") = "Experimental", "Experimental.vcxproj", "{9A7CD17B-3DF7-38DB-9BE8-09D148B0627A}"
	ProjectSection(ProjectDependencies) = postProject
		{FC0254CE-1B99-38AC-9ECF-38883B870394} = {FC0254CE-1B99-38AC-9ECF-38883B870394}
	EndProjectSection
EndProject
Project("{8BC9CEB8-8B4A-11D0-8D11-00A0C91BC942}") = "INSTALL", "INSTALL.vcxproj", "{BE00FF0E-1166-3FB6-A3D3-4A53A4109581}"
	ProjectSection(ProjectDependencies) = postProject
		{CD77B642-10C3-3E53-8D4F-830E202866A7} = {CD77B642-10C3-3E53-8D4F-830E202866A7}
		{FC0254CE-1B99-38AC-9ECF-38883B870394} = {FC0254CE-1B99-38AC-9ECF-38883B870394}
	EndProjectSection
EndProject
Project("{8BC9CEB8-8B4A-11D0-8D11-00A0C91BC942}") = "ITK-SNAP", "ITK-SNAP.vcxproj", "{A9678F74-FA8E-399C-9DE0-A5CB3FD4D425}"
	ProjectSection(ProjectDependencies) = postProject
		{FC0254CE-1B99-38AC-9ECF-38883B870394} = {FC0254CE-1B99-38AC-9ECF-38883B870394}
		{D53B2886-01E7-3298-9D98-70E1D4BFF342} = {D53B2886-01E7-3298-9D98-70E1D4BFF342}
		{F6F04061-76ED-379F-B806-3D5343A1AA9F} = {F6F04061-76ED-379F-B806-3D5343A1AA9F}
		{D7F4677F-0F0A-3DC8-ADF3-452DD7DA543E} = {D7F4677F-0F0A-3DC8-ADF3-452DD7DA543E}
		{BAD1B513-88D3-335F-885C-595248336A6F} = {BAD1B513-88D3-335F-885C-595248336A6F}
		{AAFA38E5-29B6-3104-81ED-6BAA90BF7FA0} = {AAFA38E5-29B6-3104-81ED-6BAA90BF7FA0}
		{36C08075-0E75-3765-B91C-2D1A4EDFB8CA} = {36C08075-0E75-3765-B91C-2D1A4EDFB8CA}
		{6B9D75F2-A355-3E22-AF01-B0DE8B6538C2} = {6B9D75F2-A355-3E22-AF01-B0DE8B6538C2}
	EndProjectSection
EndProject
Project("{8BC9CEB8-8B4A-11D0-8D11-00A0C91BC942}") = "ITKPovRayIO", "Submodules\c3d\itkextras\PovRayIO\ITKPovRayIO.vcxproj", "{8C012CEC-8583-3EAE-B256-3843B57D9C28}"
	ProjectSection(ProjectDependencies) = postProject
		{FC0254CE-1B99-38AC-9ECF-38883B870394} = {FC0254CE-1B99-38AC-9ECF-38883B870394}
	EndProjectSection
EndProject
Project("{8BC9CEB8-8B4A-11D0-8D11-00A0C91BC942}") = "ITKVoxBoIO", "Submodules\c3d\itkextras\VoxBoIO\ITKVoxBoIO.vcxproj", "{C04A57FC-796F-320A-A4EB-28D32CC2324B}"
	ProjectSection(ProjectDependencies) = postProject
		{FC0254CE-1B99-38AC-9ECF-38883B870394} = {FC0254CE-1B99-38AC-9ECF-38883B870394}
	EndProjectSection
EndProject
Project("{8BC9CEB8-8B4A-11D0-8D11-00A0C91BC942}") = "Nightly", "Nightly.vcxproj", "{48799D48-65AB-3A5B-AA23-4FA7618A7212}"
	ProjectSection(ProjectDependencies) = postProject
		{FC0254CE-1B99-38AC-9ECF-38883B870394} = {FC0254CE-1B99-38AC-9ECF-38883B870394}
	EndProjectSection
EndProject
Project("{8BC9CEB8-8B4A-11D0-8D11-00A0C91BC942}") = "NightlyMemoryCheck", "NightlyMemoryCheck.vcxproj", "{A65E4CFA-3AC1-3165-92E5-49593164A01D}"
	ProjectSection(ProjectDependencies) = postProject
		{FC0254CE-1B99-38AC-9ECF-38883B870394} = {FC0254CE-1B99-38AC-9ECF-38883B870394}
	EndProjectSection
EndProject
Project("{8BC9CEB8-8B4A-11D0-8D11-00A0C91BC942}") = "PACKAGE", "PACKAGE.vcxproj", "{B71BAB5C-3D84-3096-BF59-D99C94AAEAA8}"
	ProjectSection(ProjectDependencies) = postProject
		{CD77B642-10C3-3E53-8D4F-830E202866A7} = {CD77B642-10C3-3E53-8D4F-830E202866A7}
		{FC0254CE-1B99-38AC-9ECF-38883B870394} = {FC0254CE-1B99-38AC-9ECF-38883B870394}
	EndProjectSection
EndProject
Project("{8BC9CEB8-8B4A-11D0-8D11-00A0C91BC942}") = "RUN_TESTS", "RUN_TESTS.vcxproj", "{5D9A5AD9-FDD5-3A31-9C3D-97F6AE1712C0}"
	ProjectSection(ProjectDependencies) = postProject
		{FC0254CE-1B99-38AC-9ECF-38883B870394} = {FC0254CE-1B99-38AC-9ECF-38883B870394}
	EndProjectSection
EndProject
Project("{8BC9CEB8-8B4A-11D0-8D11-00A0C91BC942}") = "SlicingPerformanceTest", "SlicingPerformanceTest.vcxproj", "{C2D815DF-507E-3FC3-B9B7-5CBEB888352E}"
	ProjectSection(ProjectDependencies) = postProject
		{FC0254CE-1B99-38AC-9ECF-38883B870394} = {FC0254CE-1B99-38AC-9ECF-38883B870394}
	EndProjectSection
EndProject
Project("{8BC9CEB8-8B4A-11D0-8D11-00A0C91BC942}") = "Test_OrientationWidget", "Test_OrientationWidget.vcxproj", "{E8EADE15-BC31-3197-B2ED-84E9EEE1356C}"
	ProjectSection(ProjectDependencies) = postProject
		{FC0254CE-1B99-38AC-9ECF-38883B870394} = {FC0254CE-1B99-38AC-9ECF-38883B870394}
		{D53B2886-01E7-3298-9D98-70E1D4BFF342} = {D53B2886-01E7-3298-9D98-70E1D4BFF342}
		{F6F04061-76ED-379F-B806-3D5343A1AA9F} = {F6F04061-76ED-379F-B806-3D5343A1AA9F}
		{D7F4677F-0F0A-3DC8-ADF3-452DD7DA543E} = {D7F4677F-0F0A-3DC8-ADF3-452DD7DA543E}
		{BAD1B513-88D3-335F-885C-595248336A6F} = {BAD1B513-88D3-335F-885C-595248336A6F}
		{AAFA38E5-29B6-3104-81ED-6BAA90BF7FA0} = {AAFA38E5-29B6-3104-81ED-6BAA90BF7FA0}
		{36C08075-0E75-3765-B91C-2D1A4EDFB8CA} = {36C08075-0E75-3765-B91C-2D1A4EDFB8CA}
		{6B9D75F2-A355-3E22-AF01-B0DE8B6538C2} = {6B9D75F2-A355-3E22-AF01-B0DE8B6538C2}
	EndProjectSection
EndProject
Project("{8BC9CEB8-8B4A-11D0-8D11-00A0C91BC942}") = "ZERO_CHECK", "ZERO_CHECK.vcxproj", "{FC0254CE-1B99-38AC-9ECF-38883B870394}"
	ProjectSection(ProjectDependencies) = postProject
	EndProjectSection
EndProject
Project("{8BC9CEB8-8B4A-11D0-8D11-00A0C91BC942}") = "c2d", "Submodules\c3d\c2d.vcxproj", "{E7334D08-A855-3A8C-919C-61396D691780}"
	ProjectSection(ProjectDependencies) = postProject
		{8C012CEC-8583-3EAE-B256-3843B57D9C28} = {8C012CEC-8583-3EAE-B256-3843B57D9C28}
		{C04A57FC-796F-320A-A4EB-28D32CC2324B} = {C04A57FC-796F-320A-A4EB-28D32CC2324B}
		{FC0254CE-1B99-38AC-9ECF-38883B870394} = {FC0254CE-1B99-38AC-9ECF-38883B870394}
		{D53B2886-01E7-3298-9D98-70E1D4BFF342} = {D53B2886-01E7-3298-9D98-70E1D4BFF342}
		{D7F4677F-0F0A-3DC8-ADF3-452DD7DA543E} = {D7F4677F-0F0A-3DC8-ADF3-452DD7DA543E}
		{59C9CC81-8E9E-3CFC-85E0-3D919011115C} = {59C9CC81-8E9E-3CFC-85E0-3D919011115C}
	EndProjectSection
EndProject
Project("{8BC9CEB8-8B4A-11D0-8D11-00A0C91BC942}") = "c3d", "Submodules\c3d\c3d.vcxproj", "{E9C3AE87-285C-3E8D-9555-BD440124A1C5}"
	ProjectSection(ProjectDependencies) = postProject
		{8C012CEC-8583-3EAE-B256-3843B57D9C28} = {8C012CEC-8583-3EAE-B256-3843B57D9C28}
		{C04A57FC-796F-320A-A4EB-28D32CC2324B} = {C04A57FC-796F-320A-A4EB-28D32CC2324B}
		{FC0254CE-1B99-38AC-9ECF-38883B870394} = {FC0254CE-1B99-38AC-9ECF-38883B870394}
		{D53B2886-01E7-3298-9D98-70E1D4BFF342} = {D53B2886-01E7-3298-9D98-70E1D4BFF342}
		{D7F4677F-0F0A-3DC8-ADF3-452DD7DA543E} = {D7F4677F-0F0A-3DC8-ADF3-452DD7DA543E}
		{59C9CC81-8E9E-3CFC-85E0-3D919011115C} = {59C9CC81-8E9E-3CFC-85E0-3D919011115C}
	EndProjectSection
EndProject
Project("{8BC9CEB8-8B4A-11D0-8D11-00A0C91BC942}") = "c3d_affine_tool", "Submodules\c3d\c3d_affine_tool.vcxproj", "{F05BFA83-7739-3E3E-8527-3CBCBE4E37FE}"
	ProjectSection(ProjectDependencies) = postProject
		{8C012CEC-8583-3EAE-B256-3843B57D9C28} = {8C012CEC-8583-3EAE-B256-3843B57D9C28}
		{C04A57FC-796F-320A-A4EB-28D32CC2324B} = {C04A57FC-796F-320A-A4EB-28D32CC2324B}
		{FC0254CE-1B99-38AC-9ECF-38883B870394} = {FC0254CE-1B99-38AC-9ECF-38883B870394}
		{D53B2886-01E7-3298-9D98-70E1D4BFF342} = {D53B2886-01E7-3298-9D98-70E1D4BFF342}
		{D7F4677F-0F0A-3DC8-ADF3-452DD7DA543E} = {D7F4677F-0F0A-3DC8-ADF3-452DD7DA543E}
		{59C9CC81-8E9E-3CFC-85E0-3D919011115C} = {59C9CC81-8E9E-3CFC-85E0-3D919011115C}
	EndProjectSection
EndProject
Project("{8BC9CEB8-8B4A-11D0-8D11-00A0C91BC942}") = "c4d", "Submodules\c3d\c4d.vcxproj", "{449E3640-2322-31DA-9034-FEFDC2C893E7}"
	ProjectSection(ProjectDependencies) = postProject
		{8C012CEC-8583-3EAE-B256-3843B57D9C28} = {8C012CEC-8583-3EAE-B256-3843B57D9C28}
		{C04A57FC-796F-320A-A4EB-28D32CC2324B} = {C04A57FC-796F-320A-A4EB-28D32CC2324B}
		{FC0254CE-1B99-38AC-9ECF-38883B870394} = {FC0254CE-1B99-38AC-9ECF-38883B870394}
		{D53B2886-01E7-3298-9D98-70E1D4BFF342} = {D53B2886-01E7-3298-9D98-70E1D4BFF342}
		{D7F4677F-0F0A-3DC8-ADF3-452DD7DA543E} = {D7F4677F-0F0A-3DC8-ADF3-452DD7DA543E}
		{59C9CC81-8E9E-3CFC-85E0-3D919011115C} = {59C9CC81-8E9E-3CFC-85E0-3D919011115C}
	EndProjectSection
EndProject
Project("{8BC9CEB8-8B4A-11D0-8D11-00A0C91BC942}") = "cnd_adapters", "Submodules\c3d\cnd_adapters.vcxproj", "{D53B2886-01E7-3298-9D98-70E1D4BFF342}"
	ProjectSection(ProjectDependencies) = postProject
		{FC0254CE-1B99-38AC-9ECF-38883B870394} = {FC0254CE-1B99-38AC-9ECF-38883B870394}
	EndProjectSection
EndProject
Project("{8BC9CEB8-8B4A-11D0-8D11-00A0C91BC942}") = "cnd_api", "Submodules\c3d\cnd_api.vcxproj", "{F6F04061-76ED-379F-B806-3D5343A1AA9F}"
	ProjectSection(ProjectDependencies) = postProject
		{FC0254CE-1B99-38AC-9ECF-38883B870394} = {FC0254CE-1B99-38AC-9ECF-38883B870394}
	EndProjectSection
EndProject
Project("{8BC9CEB8-8B4A-11D0-8D11-00A0C91BC942}") = "cnd_driver", "Submodules\c3d\cnd_driver.vcxproj", "{D7F4677F-0F0A-3DC8-ADF3-452DD7DA543E}"
	ProjectSection(ProjectDependencies) = postProject
		{FC0254CE-1B99-38AC-9ECF-38883B870394} = {FC0254CE-1B99-38AC-9ECF-38883B870394}
		{2F414702-194F-3203-B7EA-372B45FAAC47} = {2F414702-194F-3203-B7EA-372B45FAAC47}
	EndProjectSection
EndProject
Project("{8BC9CEB8-8B4A-11D0-8D11-00A0C91BC942}") = "cnd_maxflow", "Submodules\c3d\cnd_maxflow.vcxproj", "{59C9CC81-8E9E-3CFC-85E0-3D919011115C}"
	ProjectSection(ProjectDependencies) = postProject
		{FC0254CE-1B99-38AC-9ECF-38883B870394} = {FC0254CE-1B99-38AC-9ECF-38883B870394}
	EndProjectSection
EndProject
Project("{8BC9CEB8-8B4A-11D0-8D11-00A0C91BC942}") = "docs_to_hex", "Submodules\greedy\docs_to_hex.vcxproj", "{BAA55699-87D5-33F3-AE87-2311B624DF16}"
	ProjectSection(ProjectDependencies) = postProject
		{FC0254CE-1B99-38AC-9ECF-38883B870394} = {FC0254CE-1B99-38AC-9ECF-38883B870394}
		{2ED152DD-AAE2-3861-A489-9AA4D119EE00} = {2ED152DD-AAE2-3861-A489-9AA4D119EE00}
	EndProjectSection
EndProject
Project("{8BC9CEB8-8B4A-11D0-8D11-00A0C91BC942}") = "greedy", "Submodules\greedy\greedy.vcxproj", "{309F7654-7E5D-3E55-AFF4-9E825B3CBAB5}"
	ProjectSection(ProjectDependencies) = postProject
		{FC0254CE-1B99-38AC-9ECF-38883B870394} = {FC0254CE-1B99-38AC-9ECF-38883B870394}
		{BAD1B513-88D3-335F-885C-595248336A6F} = {BAD1B513-88D3-335F-885C-595248336A6F}
	EndProjectSection
EndProject
Project("{8BC9CEB8-8B4A-11D0-8D11-00A0C91BC942}") = "greedyapi", "Submodules\greedy\greedyapi.vcxproj", "{BAD1B513-88D3-335F-885C-595248336A6F}"
	ProjectSection(ProjectDependencies) = postProject
		{FC0254CE-1B99-38AC-9ECF-38883B870394} = {FC0254CE-1B99-38AC-9ECF-38883B870394}
	EndProjectSection
EndProject
Project("{8BC9CEB8-8B4A-11D0-8D11-00A0C91BC942}") = "iteratorTests", "iteratorTests.vcxproj", "{16CF0C17-A76A-3229-A682-90C748F6B889}"
	ProjectSection(ProjectDependencies) = postProject
		{FC0254CE-1B99-38AC-9ECF-38883B870394} = {FC0254CE-1B99-38AC-9ECF-38883B870394}
	EndProjectSection
EndProject
Project("{8BC9CEB8-8B4A-11D0-8D11-00A0C91BC942}") = "itksnap-wt", "Utilities\Workspace\itksnap-wt.vcxproj", "{78A380F4-B7FB-3214-99A7-04D29553A68C}"
	ProjectSection(ProjectDependencies) = postProject
		{FC0254CE-1B99-38AC-9ECF-38883B870394} = {FC0254CE-1B99-38AC-9ECF-38883B870394}
		{D53B2886-01E7-3298-9D98-70E1D4BFF342} = {D53B2886-01E7-3298-9D98-70E1D4BFF342}
		{F6F04061-76ED-379F-B806-3D5343A1AA9F} = {F6F04061-76ED-379F-B806-3D5343A1AA9F}
		{D7F4677F-0F0A-3DC8-ADF3-452DD7DA543E} = {D7F4677F-0F0A-3DC8-ADF3-452DD7DA543E}
		{BAD1B513-88D3-335F-885C-595248336A6F} = {BAD1B513-88D3-335F-885C-595248336A6F}
		{AAFA38E5-29B6-3104-81ED-6BAA90BF7FA0} = {AAFA38E5-29B6-3104-81ED-6BAA90BF7FA0}
	EndProjectSection
EndProject
Project("{8BC9CEB8-8B4A-11D0-8D11-00A0C91BC942}") = "itksnap_upload_experimental", "itksnap_upload_experimental.vcxproj", "{285D085A-6649-3849-9538-7B410EB72FBF}"
	ProjectSection(ProjectDependencies) = postProject
		{FC0254CE-1B99-38AC-9ECF-38883B870394} = {FC0254CE-1B99-38AC-9ECF-38883B870394}
	EndProjectSection
EndProject
Project("{8BC9CEB8-8B4A-11D0-8D11-00A0C91BC942}") = "itksnap_upload_nightly", "itksnap_upload_nightly.vcxproj", "{247B8A06-525D-3AB0-A85F-1E406FCABD07}"
	ProjectSection(ProjectDependencies) = postProject
		{FC0254CE-1B99-38AC-9ECF-38883B870394} = {FC0254CE-1B99-38AC-9ECF-38883B870394}
	EndProjectSection
EndProject
Project("{8BC9CEB8-8B4A-11D0-8D11-00A0C91BC942}") = "itksnaplogic", "itksnaplogic.vcxproj", "{AAFA38E5-29B6-3104-81ED-6BAA90BF7FA0}"
	ProjectSection(ProjectDependencies) = postProject
		{FC0254CE-1B99-38AC-9ECF-38883B870394} = {FC0254CE-1B99-38AC-9ECF-38883B870394}
		{D53B2886-01E7-3298-9D98-70E1D4BFF342} = {D53B2886-01E7-3298-9D98-70E1D4BFF342}
		{F6F04061-76ED-379F-B806-3D5343A1AA9F} = {F6F04061-76ED-379F-B806-3D5343A1AA9F}
		{D7F4677F-0F0A-3DC8-ADF3-452DD7DA543E} = {D7F4677F-0F0A-3DC8-ADF3-452DD7DA543E}
		{BAD1B513-88D3-335F-885C-595248336A6F} = {BAD1B513-88D3-335F-885C-595248336A6F}
	EndProjectSection
EndProject
Project("{8BC9CEB8-8B4A-11D0-8D11-00A0C91BC942}") = "itksnapui_model", "itksnapui_model.vcxproj", "{36C08075-0E75-3765-B91C-2D1A4EDFB8CA}"
	ProjectSection(ProjectDependencies) = postProject
		{FC0254CE-1B99-38AC-9ECF-38883B870394} = {FC0254CE-1B99-38AC-9ECF-38883B870394}
		{D53B2886-01E7-3298-9D98-70E1D4BFF342} = {D53B2886-01E7-3298-9D98-70E1D4BFF342}
		{F6F04061-76ED-379F-B806-3D5343A1AA9F} = {F6F04061-76ED-379F-B806-3D5343A1AA9F}
		{D7F4677F-0F0A-3DC8-ADF3-452DD7DA543E} = {D7F4677F-0F0A-3DC8-ADF3-452DD7DA543E}
		{BAD1B513-88D3-335F-885C-595248336A6F} = {BAD1B513-88D3-335F-885C-595248336A6F}
		{AAFA38E5-29B6-3104-81ED-6BAA90BF7FA0} = {AAFA38E5-29B6-3104-81ED-6BAA90BF7FA0}
	EndProjectSection
EndProject
Project("{8BC9CEB8-8B4A-11D0-8D11-00A0C91BC942}") = "itksnapui_qt", "itksnapui_qt.vcxproj", "{6B9D75F2-A355-3E22-AF01-B0DE8B6538C2}"
	ProjectSection(ProjectDependencies) = postProject
		{FC0254CE-1B99-38AC-9ECF-38883B870394} = {FC0254CE-1B99-38AC-9ECF-38883B870394}
		{D53B2886-01E7-3298-9D98-70E1D4BFF342} = {D53B2886-01E7-3298-9D98-70E1D4BFF342}
		{F6F04061-76ED-379F-B806-3D5343A1AA9F} = {F6F04061-76ED-379F-B806-3D5343A1AA9F}
		{D7F4677F-0F0A-3DC8-ADF3-452DD7DA543E} = {D7F4677F-0F0A-3DC8-ADF3-452DD7DA543E}
		{BAD1B513-88D3-335F-885C-595248336A6F} = {BAD1B513-88D3-335F-885C-595248336A6F}
	EndProjectSection
EndProject
Project("{8BC9CEB8-8B4A-11D0-8D11-00A0C91BC942}") = "logic_api_test", "logic_api_test.vcxproj", "{61A91AC5-E5A0-3E8A-BE10-9663BBF22551}"
	ProjectSection(ProjectDependencies) = postProject
		{FC0254CE-1B99-38AC-9ECF-38883B870394} = {FC0254CE-1B99-38AC-9ECF-38883B870394}
		{D53B2886-01E7-3298-9D98-70E1D4BFF342} = {D53B2886-01E7-3298-9D98-70E1D4BFF342}
		{F6F04061-76ED-379F-B806-3D5343A1AA9F} = {F6F04061-76ED-379F-B806-3D5343A1AA9F}
		{D7F4677F-0F0A-3DC8-ADF3-452DD7DA543E} = {D7F4677F-0F0A-3DC8-ADF3-452DD7DA543E}
		{BAD1B513-88D3-335F-885C-595248336A6F} = {BAD1B513-88D3-335F-885C-595248336A6F}
		{AAFA38E5-29B6-3104-81ED-6BAA90BF7FA0} = {AAFA38E5-29B6-3104-81ED-6BAA90BF7FA0}
	EndProjectSection
EndProject
Project("{8BC9CEB8-8B4A-11D0-8D11-00A0C91BC942}") = "markdown_docs", "Submodules\c3d\markdown_docs.vcxproj", "{2F414702-194F-3203-B7EA-372B45FAAC47}"
	ProjectSection(ProjectDependencies) = postProject
		{FC0254CE-1B99-38AC-9ECF-38883B870394} = {FC0254CE-1B99-38AC-9ECF-38883B870394}
		{E585C059-FC58-39FA-918B-DFCC8565FC94} = {E585C059-FC58-39FA-918B-DFCC8565FC94}
	EndProjectSection
EndProject
Project("{8BC9CEB8-8B4A-11D0-8D11-00A0C91BC942}") = "markdown_to_hex", "Submodules\c3d\markdown_to_hex.vcxproj", "{E585C059-FC58-39FA-918B-DFCC8565FC94}"
	ProjectSection(ProjectDependencies) = postProject
		{FC0254CE-1B99-38AC-9ECF-38883B870394} = {FC0254CE-1B99-38AC-9ECF-38883B870394}
	EndProjectSection
EndProject
Project("{8BC9CEB8-8B4A-11D0-8D11-00A0C91BC942}") = "testRLE", "testRLE.vcxproj", "{29A342EE-1F45-3DC5-A9AD-D6ABBB7C7466}"
	ProjectSection(ProjectDependencies) = postProject
		{FC0254CE-1B99-38AC-9ECF-38883B870394} = {FC0254CE-1B99-38AC-9ECF-38883B870394}
	EndProjectSection
EndProject
Project("{8BC9CEB8-8B4A-11D0-8D11-00A0C91BC942}") = "test_accum", "Submodules\greedy\test_accum.vcxproj", "{2CCA9FF1-D91C-33F3-9476-7B494AF715B0}"
	ProjectSection(ProjectDependencies) = postProject
		{FC0254CE-1B99-38AC-9ECF-38883B870394} = {FC0254CE-1B99-38AC-9ECF-38883B870394}
	EndProjectSection
EndProject
Project("{8BC9CEB8-8B4A-11D0-8D11-00A0C91BC942}") = "text_to_hex", "Submodules\greedy\text_to_hex.vcxproj", "{2ED152DD-AAE2-3861-A489-9AA4D119EE00}"
	ProjectSection(ProjectDependencies) = postProject
		{FC0254CE-1B99-38AC-9ECF-38883B870394} = {FC0254CE-1B99-38AC-9ECF-38883B870394}
	EndProjectSection
EndProject
Global
	GlobalSection(SolutionConfigurationPlatforms) = preSolution
		Debug|x64 = Debug|x64
		Release|x64 = Release|x64
		MinSizeRel|x64 = MinSizeRel|x64
		RelWithDebInfo|x64 = RelWithDebInfo|x64
	EndGlobalSection
	GlobalSection(ProjectConfigurationPlatforms) = postSolution
		{CD77B642-10C3-3E53-8D4F-830E202866A7}.Debug|x64.ActiveCfg = Debug|x64
		{CD77B642-10C3-3E53-8D4F-830E202866A7}.Debug|x64.Build.0 = Debug|x64
		{CD77B642-10C3-3E53-8D4F-830E202866A7}.Release|x64.ActiveCfg = Release|x64
		{CD77B642-10C3-3E53-8D4F-830E202866A7}.Release|x64.Build.0 = Release|x64
		{CD77B642-10C3-3E53-8D4F-830E202866A7}.MinSizeRel|x64.ActiveCfg = MinSizeRel|x64
		{CD77B642-10C3-3E53-8D4F-830E202866A7}.MinSizeRel|x64.Build.0 = MinSizeRel|x64
		{CD77B642-10C3-3E53-8D4F-830E202866A7}.RelWithDebInfo|x64.ActiveCfg = RelWithDebInfo|x64
		{CD77B642-10C3-3E53-8D4F-830E202866A7}.RelWithDebInfo|x64.Build.0 = RelWithDebInfo|x64
		{2607470B-A606-3034-B2A4-9D4E208A1294}.Debug|x64.ActiveCfg = Debug|x64
		{2607470B-A606-3034-B2A4-9D4E208A1294}.Release|x64.ActiveCfg = Release|x64
		{2607470B-A606-3034-B2A4-9D4E208A1294}.MinSizeRel|x64.ActiveCfg = MinSizeRel|x64
		{2607470B-A606-3034-B2A4-9D4E208A1294}.RelWithDebInfo|x64.ActiveCfg = RelWithDebInfo|x64
		{9A7CD17B-3DF7-38DB-9BE8-09D148B0627A}.Debug|x64.ActiveCfg = Debug|x64
		{9A7CD17B-3DF7-38DB-9BE8-09D148B0627A}.Release|x64.ActiveCfg = Release|x64
		{9A7CD17B-3DF7-38DB-9BE8-09D148B0627A}.MinSizeRel|x64.ActiveCfg = MinSizeRel|x64
		{9A7CD17B-3DF7-38DB-9BE8-09D148B0627A}.RelWithDebInfo|x64.ActiveCfg = RelWithDebInfo|x64
		{BE00FF0E-1166-3FB6-A3D3-4A53A4109581}.Debug|x64.ActiveCfg = Debug|x64
		{BE00FF0E-1166-3FB6-A3D3-4A53A4109581}.Release|x64.ActiveCfg = Release|x64
		{BE00FF0E-1166-3FB6-A3D3-4A53A4109581}.MinSizeRel|x64.ActiveCfg = MinSizeRel|x64
		{BE00FF0E-1166-3FB6-A3D3-4A53A4109581}.RelWithDebInfo|x64.ActiveCfg = RelWithDebInfo|x64
		{A9678F74-FA8E-399C-9DE0-A5CB3FD4D425}.Debug|x64.ActiveCfg = Debug|x64
		{A9678F74-FA8E-399C-9DE0-A5CB3FD4D425}.Debug|x64.Build.0 = Debug|x64
		{A9678F74-FA8E-399C-9DE0-A5CB3FD4D425}.Release|x64.ActiveCfg = Release|x64
		{A9678F74-FA8E-399C-9DE0-A5CB3FD4D425}.Release|x64.Build.0 = Release|x64
		{A9678F74-FA8E-399C-9DE0-A5CB3FD4D425}.MinSizeRel|x64.ActiveCfg = MinSizeRel|x64
		{A9678F74-FA8E-399C-9DE0-A5CB3FD4D425}.MinSizeRel|x64.Build.0 = MinSizeRel|x64
		{A9678F74-FA8E-399C-9DE0-A5CB3FD4D425}.RelWithDebInfo|x64.ActiveCfg = RelWithDebInfo|x64
		{A9678F74-FA8E-399C-9DE0-A5CB3FD4D425}.RelWithDebInfo|x64.Build.0 = RelWithDebInfo|x64
		{8C012CEC-8583-3EAE-B256-3843B57D9C28}.Debug|x64.ActiveCfg = Debug|x64
		{8C012CEC-8583-3EAE-B256-3843B57D9C28}.Debug|x64.Build.0 = Debug|x64
		{8C012CEC-8583-3EAE-B256-3843B57D9C28}.Release|x64.ActiveCfg = Release|x64
		{8C012CEC-8583-3EAE-B256-3843B57D9C28}.Release|x64.Build.0 = Release|x64
		{8C012CEC-8583-3EAE-B256-3843B57D9C28}.MinSizeRel|x64.ActiveCfg = MinSizeRel|x64
		{8C012CEC-8583-3EAE-B256-3843B57D9C28}.MinSizeRel|x64.Build.0 = MinSizeRel|x64
		{8C012CEC-8583-3EAE-B256-3843B57D9C28}.RelWithDebInfo|x64.ActiveCfg = RelWithDebInfo|x64
		{8C012CEC-8583-3EAE-B256-3843B57D9C28}.RelWithDebInfo|x64.Build.0 = RelWithDebInfo|x64
		{C04A57FC-796F-320A-A4EB-28D32CC2324B}.Debug|x64.ActiveCfg = Debug|x64
		{C04A57FC-796F-320A-A4EB-28D32CC2324B}.Debug|x64.Build.0 = Debug|x64
		{C04A57FC-796F-320A-A4EB-28D32CC2324B}.Release|x64.ActiveCfg = Release|x64
		{C04A57FC-796F-320A-A4EB-28D32CC2324B}.Release|x64.Build.0 = Release|x64
		{C04A57FC-796F-320A-A4EB-28D32CC2324B}.MinSizeRel|x64.ActiveCfg = MinSizeRel|x64
		{C04A57FC-796F-320A-A4EB-28D32CC2324B}.MinSizeRel|x64.Build.0 = MinSizeRel|x64
		{C04A57FC-796F-320A-A4EB-28D32CC2324B}.RelWithDebInfo|x64.ActiveCfg = RelWithDebInfo|x64
		{C04A57FC-796F-320A-A4EB-28D32CC2324B}.RelWithDebInfo|x64.Build.0 = RelWithDebInfo|x64
		{48799D48-65AB-3A5B-AA23-4FA7618A7212}.Debug|x64.ActiveCfg = Debug|x64
		{48799D48-65AB-3A5B-AA23-4FA7618A7212}.Release|x64.ActiveCfg = Release|x64
		{48799D48-65AB-3A5B-AA23-4FA7618A7212}.MinSizeRel|x64.ActiveCfg = MinSizeRel|x64
		{48799D48-65AB-3A5B-AA23-4FA7618A7212}.RelWithDebInfo|x64.ActiveCfg = RelWithDebInfo|x64
		{A65E4CFA-3AC1-3165-92E5-49593164A01D}.Debug|x64.ActiveCfg = Debug|x64
		{A65E4CFA-3AC1-3165-92E5-49593164A01D}.Release|x64.ActiveCfg = Release|x64
		{A65E4CFA-3AC1-3165-92E5-49593164A01D}.MinSizeRel|x64.ActiveCfg = MinSizeRel|x64
		{A65E4CFA-3AC1-3165-92E5-49593164A01D}.RelWithDebInfo|x64.ActiveCfg = RelWithDebInfo|x64
		{B71BAB5C-3D84-3096-BF59-D99C94AAEAA8}.Debug|x64.ActiveCfg = Debug|x64
		{B71BAB5C-3D84-3096-BF59-D99C94AAEAA8}.Release|x64.ActiveCfg = Release|x64
		{B71BAB5C-3D84-3096-BF59-D99C94AAEAA8}.MinSizeRel|x64.ActiveCfg = MinSizeRel|x64
		{B71BAB5C-3D84-3096-BF59-D99C94AAEAA8}.RelWithDebInfo|x64.ActiveCfg = RelWithDebInfo|x64
		{5D9A5AD9-FDD5-3A31-9C3D-97F6AE1712C0}.Debug|x64.ActiveCfg = Debug|x64
		{5D9A5AD9-FDD5-3A31-9C3D-97F6AE1712C0}.Release|x64.ActiveCfg = Release|x64
		{5D9A5AD9-FDD5-3A31-9C3D-97F6AE1712C0}.MinSizeRel|x64.ActiveCfg = MinSizeRel|x64
		{5D9A5AD9-FDD5-3A31-9C3D-97F6AE1712C0}.RelWithDebInfo|x64.ActiveCfg = RelWithDebInfo|x64
		{C2D815DF-507E-3FC3-B9B7-5CBEB888352E}.Debug|x64.ActiveCfg = Debug|x64
		{C2D815DF-507E-3FC3-B9B7-5CBEB888352E}.Debug|x64.Build.0 = Debug|x64
		{C2D815DF-507E-3FC3-B9B7-5CBEB888352E}.Release|x64.ActiveCfg = Release|x64
		{C2D815DF-507E-3FC3-B9B7-5CBEB888352E}.Release|x64.Build.0 = Release|x64
		{C2D815DF-507E-3FC3-B9B7-5CBEB888352E}.MinSizeRel|x64.ActiveCfg = MinSizeRel|x64
		{C2D815DF-507E-3FC3-B9B7-5CBEB888352E}.MinSizeRel|x64.Build.0 = MinSizeRel|x64
		{C2D815DF-507E-3FC3-B9B7-5CBEB888352E}.RelWithDebInfo|x64.ActiveCfg = RelWithDebInfo|x64
		{C2D815DF-507E-3FC3-B9B7-5CBEB888352E}.RelWithDebInfo|x64.Build.0 = RelWithDebInfo|x64
		{E8EADE15-BC31-3197-B2ED-84E9EEE1356C}.Debug|x64.ActiveCfg = Debug|x64
		{E8EADE15-BC31-3197-B2ED-84E9EEE1356C}.Debug|x64.Build.0 = Debug|x64
		{E8EADE15-BC31-3197-B2ED-84E9EEE1356C}.Release|x64.ActiveCfg = Release|x64
		{E8EADE15-BC31-3197-B2ED-84E9EEE1356C}.Release|x64.Build.0 = Release|x64
		{E8EADE15-BC31-3197-B2ED-84E9EEE1356C}.MinSizeRel|x64.ActiveCfg = MinSizeRel|x64
		{E8EADE15-BC31-3197-B2ED-84E9EEE1356C}.MinSizeRel|x64.Build.0 = MinSizeRel|x64
		{E8EADE15-BC31-3197-B2ED-84E9EEE1356C}.RelWithDebInfo|x64.ActiveCfg = RelWithDebInfo|x64
		{E8EADE15-BC31-3197-B2ED-84E9EEE1356C}.RelWithDebInfo|x64.Build.0 = RelWithDebInfo|x64
		{FC0254CE-1B99-38AC-9ECF-38883B870394}.Debug|x64.ActiveCfg = Debug|x64
		{FC0254CE-1B99-38AC-9ECF-38883B870394}.Debug|x64.Build.0 = Debug|x64
		{FC0254CE-1B99-38AC-9ECF-38883B870394}.Release|x64.ActiveCfg = Release|x64
		{FC0254CE-1B99-38AC-9ECF-38883B870394}.Release|x64.Build.0 = Release|x64
		{FC0254CE-1B99-38AC-9ECF-38883B870394}.MinSizeRel|x64.ActiveCfg = MinSizeRel|x64
		{FC0254CE-1B99-38AC-9ECF-38883B870394}.MinSizeRel|x64.Build.0 = MinSizeRel|x64
		{FC0254CE-1B99-38AC-9ECF-38883B870394}.RelWithDebInfo|x64.ActiveCfg = RelWithDebInfo|x64
		{FC0254CE-1B99-38AC-9ECF-38883B870394}.RelWithDebInfo|x64.Build.0 = RelWithDebInfo|x64
		{E7334D08-A855-3A8C-919C-61396D691780}.Debug|x64.ActiveCfg = Debug|x64
		{E7334D08-A855-3A8C-919C-61396D691780}.Debug|x64.Build.0 = Debug|x64
		{E7334D08-A855-3A8C-919C-61396D691780}.Release|x64.ActiveCfg = Release|x64
		{E7334D08-A855-3A8C-919C-61396D691780}.Release|x64.Build.0 = Release|x64
		{E7334D08-A855-3A8C-919C-61396D691780}.MinSizeRel|x64.ActiveCfg = MinSizeRel|x64
		{E7334D08-A855-3A8C-919C-61396D691780}.MinSizeRel|x64.Build.0 = MinSizeRel|x64
		{E7334D08-A855-3A8C-919C-61396D691780}.RelWithDebInfo|x64.ActiveCfg = RelWithDebInfo|x64
		{E7334D08-A855-3A8C-919C-61396D691780}.RelWithDebInfo|x64.Build.0 = RelWithDebInfo|x64
		{E9C3AE87-285C-3E8D-9555-BD440124A1C5}.Debug|x64.ActiveCfg = Debug|x64
		{E9C3AE87-285C-3E8D-9555-BD440124A1C5}.Debug|x64.Build.0 = Debug|x64
		{E9C3AE87-285C-3E8D-9555-BD440124A1C5}.Release|x64.ActiveCfg = Release|x64
		{E9C3AE87-285C-3E8D-9555-BD440124A1C5}.Release|x64.Build.0 = Release|x64
		{E9C3AE87-285C-3E8D-9555-BD440124A1C5}.MinSizeRel|x64.ActiveCfg = MinSizeRel|x64
		{E9C3AE87-285C-3E8D-9555-BD440124A1C5}.MinSizeRel|x64.Build.0 = MinSizeRel|x64
		{E9C3AE87-285C-3E8D-9555-BD440124A1C5}.RelWithDebInfo|x64.ActiveCfg = RelWithDebInfo|x64
		{E9C3AE87-285C-3E8D-9555-BD440124A1C5}.RelWithDebInfo|x64.Build.0 = RelWithDebInfo|x64
		{F05BFA83-7739-3E3E-8527-3CBCBE4E37FE}.Debug|x64.ActiveCfg = Debug|x64
		{F05BFA83-7739-3E3E-8527-3CBCBE4E37FE}.Debug|x64.Build.0 = Debug|x64
		{F05BFA83-7739-3E3E-8527-3CBCBE4E37FE}.Release|x64.ActiveCfg = Release|x64
		{F05BFA83-7739-3E3E-8527-3CBCBE4E37FE}.Release|x64.Build.0 = Release|x64
		{F05BFA83-7739-3E3E-8527-3CBCBE4E37FE}.MinSizeRel|x64.ActiveCfg = MinSizeRel|x64
		{F05BFA83-7739-3E3E-8527-3CBCBE4E37FE}.MinSizeRel|x64.Build.0 = MinSizeRel|x64
		{F05BFA83-7739-3E3E-8527-3CBCBE4E37FE}.RelWithDebInfo|x64.ActiveCfg = RelWithDebInfo|x64
		{F05BFA83-7739-3E3E-8527-3CBCBE4E37FE}.RelWithDebInfo|x64.Build.0 = RelWithDebInfo|x64
		{449E3640-2322-31DA-9034-FEFDC2C893E7}.Debug|x64.ActiveCfg = Debug|x64
		{449E3640-2322-31DA-9034-FEFDC2C893E7}.Debug|x64.Build.0 = Debug|x64
		{449E3640-2322-31DA-9034-FEFDC2C893E7}.Release|x64.ActiveCfg = Release|x64
		{449E3640-2322-31DA-9034-FEFDC2C893E7}.Release|x64.Build.0 = Release|x64
		{449E3640-2322-31DA-9034-FEFDC2C893E7}.MinSizeRel|x64.ActiveCfg = MinSizeRel|x64
		{449E3640-2322-31DA-9034-FEFDC2C893E7}.MinSizeRel|x64.Build.0 = MinSizeRel|x64
		{449E3640-2322-31DA-9034-FEFDC2C893E7}.RelWithDebInfo|x64.ActiveCfg = RelWithDebInfo|x64
		{449E3640-2322-31DA-9034-FEFDC2C893E7}.RelWithDebInfo|x64.Build.0 = RelWithDebInfo|x64
		{D53B2886-01E7-3298-9D98-70E1D4BFF342}.Debug|x64.ActiveCfg = Debug|x64
		{D53B2886-01E7-3298-9D98-70E1D4BFF342}.Debug|x64.Build.0 = Debug|x64
		{D53B2886-01E7-3298-9D98-70E1D4BFF342}.Release|x64.ActiveCfg = Release|x64
		{D53B2886-01E7-3298-9D98-70E1D4BFF342}.Release|x64.Build.0 = Release|x64
		{D53B2886-01E7-3298-9D98-70E1D4BFF342}.MinSizeRel|x64.ActiveCfg = MinSizeRel|x64
		{D53B2886-01E7-3298-9D98-70E1D4BFF342}.MinSizeRel|x64.Build.0 = MinSizeRel|x64
		{D53B2886-01E7-3298-9D98-70E1D4BFF342}.RelWithDebInfo|x64.ActiveCfg = RelWithDebInfo|x64
		{D53B2886-01E7-3298-9D98-70E1D4BFF342}.RelWithDebInfo|x64.Build.0 = RelWithDebInfo|x64
		{F6F04061-76ED-379F-B806-3D5343A1AA9F}.Debug|x64.ActiveCfg = Debug|x64
		{F6F04061-76ED-379F-B806-3D5343A1AA9F}.Debug|x64.Build.0 = Debug|x64
		{F6F04061-76ED-379F-B806-3D5343A1AA9F}.Release|x64.ActiveCfg = Release|x64
		{F6F04061-76ED-379F-B806-3D5343A1AA9F}.Release|x64.Build.0 = Release|x64
		{F6F04061-76ED-379F-B806-3D5343A1AA9F}.MinSizeRel|x64.ActiveCfg = MinSizeRel|x64
		{F6F04061-76ED-379F-B806-3D5343A1AA9F}.MinSizeRel|x64.Build.0 = MinSizeRel|x64
		{F6F04061-76ED-379F-B806-3D5343A1AA9F}.RelWithDebInfo|x64.ActiveCfg = RelWithDebInfo|x64
		{F6F04061-76ED-379F-B806-3D5343A1AA9F}.RelWithDebInfo|x64.Build.0 = RelWithDebInfo|x64
		{D7F4677F-0F0A-3DC8-ADF3-452DD7DA543E}.Debug|x64.ActiveCfg = Debug|x64
		{D7F4677F-0F0A-3DC8-ADF3-452DD7DA543E}.Debug|x64.Build.0 = Debug|x64
		{D7F4677F-0F0A-3DC8-ADF3-452DD7DA543E}.Release|x64.ActiveCfg = Release|x64
		{D7F4677F-0F0A-3DC8-ADF3-452DD7DA543E}.Release|x64.Build.0 = Release|x64
		{D7F4677F-0F0A-3DC8-ADF3-452DD7DA543E}.MinSizeRel|x64.ActiveCfg = MinSizeRel|x64
		{D7F4677F-0F0A-3DC8-ADF3-452DD7DA543E}.MinSizeRel|x64.Build.0 = MinSizeRel|x64
		{D7F4677F-0F0A-3DC8-ADF3-452DD7DA543E}.RelWithDebInfo|x64.ActiveCfg = RelWithDebInfo|x64
		{D7F4677F-0F0A-3DC8-ADF3-452DD7DA543E}.RelWithDebInfo|x64.Build.0 = RelWithDebInfo|x64
		{59C9CC81-8E9E-3CFC-85E0-3D919011115C}.Debug|x64.ActiveCfg = Debug|x64
		{59C9CC81-8E9E-3CFC-85E0-3D919011115C}.Debug|x64.Build.0 = Debug|x64
		{59C9CC81-8E9E-3CFC-85E0-3D919011115C}.Release|x64.ActiveCfg = Release|x64
		{59C9CC81-8E9E-3CFC-85E0-3D919011115C}.Release|x64.Build.0 = Release|x64
		{59C9CC81-8E9E-3CFC-85E0-3D919011115C}.MinSizeRel|x64.ActiveCfg = MinSizeRel|x64
		{59C9CC81-8E9E-3CFC-85E0-3D919011115C}.MinSizeRel|x64.Build.0 = MinSizeRel|x64
		{59C9CC81-8E9E-3CFC-85E0-3D919011115C}.RelWithDebInfo|x64.ActiveCfg = RelWithDebInfo|x64
		{59C9CC81-8E9E-3CFC-85E0-3D919011115C}.RelWithDebInfo|x64.Build.0 = RelWithDebInfo|x64
		{BAA55699-87D5-33F3-AE87-2311B624DF16}.Debug|x64.ActiveCfg = Debug|x64
		{BAA55699-87D5-33F3-AE87-2311B624DF16}.Debug|x64.Build.0 = Debug|x64
		{BAA55699-87D5-33F3-AE87-2311B624DF16}.Release|x64.ActiveCfg = Release|x64
		{BAA55699-87D5-33F3-AE87-2311B624DF16}.Release|x64.Build.0 = Release|x64
		{BAA55699-87D5-33F3-AE87-2311B624DF16}.MinSizeRel|x64.ActiveCfg = MinSizeRel|x64
		{BAA55699-87D5-33F3-AE87-2311B624DF16}.MinSizeRel|x64.Build.0 = MinSizeRel|x64
		{BAA55699-87D5-33F3-AE87-2311B624DF16}.RelWithDebInfo|x64.ActiveCfg = RelWithDebInfo|x64
		{BAA55699-87D5-33F3-AE87-2311B624DF16}.RelWithDebInfo|x64.Build.0 = RelWithDebInfo|x64
		{309F7654-7E5D-3E55-AFF4-9E825B3CBAB5}.Debug|x64.ActiveCfg = Debug|x64
		{309F7654-7E5D-3E55-AFF4-9E825B3CBAB5}.Debug|x64.Build.0 = Debug|x64
		{309F7654-7E5D-3E55-AFF4-9E825B3CBAB5}.Release|x64.ActiveCfg = Release|x64
		{309F7654-7E5D-3E55-AFF4-9E825B3CBAB5}.Release|x64.Build.0 = Release|x64
		{309F7654-7E5D-3E55-AFF4-9E825B3CBAB5}.MinSizeRel|x64.ActiveCfg = MinSizeRel|x64
		{309F7654-7E5D-3E55-AFF4-9E825B3CBAB5}.MinSizeRel|x64.Build.0 = MinSizeRel|x64
		{309F7654-7E5D-3E55-AFF4-9E825B3CBAB5}.RelWithDebInfo|x64.ActiveCfg = RelWithDebInfo|x64
		{309F7654-7E5D-3E55-AFF4-9E825B3CBAB5}.RelWithDebInfo|x64.Build.0 = RelWithDebInfo|x64
		{BAD1B513-88D3-335F-885C-595248336A6F}.Debug|x64.ActiveCfg = Debug|x64
		{BAD1B513-88D3-335F-885C-595248336A6F}.Debug|x64.Build.0 = Debug|x64
		{BAD1B513-88D3-335F-885C-595248336A6F}.Release|x64.ActiveCfg = Release|x64
		{BAD1B513-88D3-335F-885C-595248336A6F}.Release|x64.Build.0 = Release|x64
		{BAD1B513-88D3-335F-885C-595248336A6F}.MinSizeRel|x64.ActiveCfg = MinSizeRel|x64
		{BAD1B513-88D3-335F-885C-595248336A6F}.MinSizeRel|x64.Build.0 = MinSizeRel|x64
		{BAD1B513-88D3-335F-885C-595248336A6F}.RelWithDebInfo|x64.ActiveCfg = RelWithDebInfo|x64
		{BAD1B513-88D3-335F-885C-595248336A6F}.RelWithDebInfo|x64.Build.0 = RelWithDebInfo|x64
		{16CF0C17-A76A-3229-A682-90C748F6B889}.Debug|x64.ActiveCfg = Debug|x64
		{16CF0C17-A76A-3229-A682-90C748F6B889}.Debug|x64.Build.0 = Debug|x64
		{16CF0C17-A76A-3229-A682-90C748F6B889}.Release|x64.ActiveCfg = Release|x64
		{16CF0C17-A76A-3229-A682-90C748F6B889}.Release|x64.Build.0 = Release|x64
		{16CF0C17-A76A-3229-A682-90C748F6B889}.MinSizeRel|x64.ActiveCfg = MinSizeRel|x64
		{16CF0C17-A76A-3229-A682-90C748F6B889}.MinSizeRel|x64.Build.0 = MinSizeRel|x64
		{16CF0C17-A76A-3229-A682-90C748F6B889}.RelWithDebInfo|x64.ActiveCfg = RelWithDebInfo|x64
		{16CF0C17-A76A-3229-A682-90C748F6B889}.RelWithDebInfo|x64.Build.0 = RelWithDebInfo|x64
		{78A380F4-B7FB-3214-99A7-04D29553A68C}.Debug|x64.ActiveCfg = Debug|x64
		{78A380F4-B7FB-3214-99A7-04D29553A68C}.Debug|x64.Build.0 = Debug|x64
		{78A380F4-B7FB-3214-99A7-04D29553A68C}.Release|x64.ActiveCfg = Release|x64
		{78A380F4-B7FB-3214-99A7-04D29553A68C}.Release|x64.Build.0 = Release|x64
		{78A380F4-B7FB-3214-99A7-04D29553A68C}.MinSizeRel|x64.ActiveCfg = MinSizeRel|x64
		{78A380F4-B7FB-3214-99A7-04D29553A68C}.MinSizeRel|x64.Build.0 = MinSizeRel|x64
		{78A380F4-B7FB-3214-99A7-04D29553A68C}.RelWithDebInfo|x64.ActiveCfg = RelWithDebInfo|x64
		{78A380F4-B7FB-3214-99A7-04D29553A68C}.RelWithDebInfo|x64.Build.0 = RelWithDebInfo|x64
		{285D085A-6649-3849-9538-7B410EB72FBF}.Debug|x64.ActiveCfg = Debug|x64
		{285D085A-6649-3849-9538-7B410EB72FBF}.Release|x64.ActiveCfg = Release|x64
		{285D085A-6649-3849-9538-7B410EB72FBF}.MinSizeRel|x64.ActiveCfg = MinSizeRel|x64
		{285D085A-6649-3849-9538-7B410EB72FBF}.RelWithDebInfo|x64.ActiveCfg = RelWithDebInfo|x64
		{247B8A06-525D-3AB0-A85F-1E406FCABD07}.Debug|x64.ActiveCfg = Debug|x64
		{247B8A06-525D-3AB0-A85F-1E406FCABD07}.Release|x64.ActiveCfg = Release|x64
		{247B8A06-525D-3AB0-A85F-1E406FCABD07}.MinSizeRel|x64.ActiveCfg = MinSizeRel|x64
		{247B8A06-525D-3AB0-A85F-1E406FCABD07}.RelWithDebInfo|x64.ActiveCfg = RelWithDebInfo|x64
		{AAFA38E5-29B6-3104-81ED-6BAA90BF7FA0}.Debug|x64.ActiveCfg = Debug|x64
		{AAFA38E5-29B6-3104-81ED-6BAA90BF7FA0}.Debug|x64.Build.0 = Debug|x64
		{AAFA38E5-29B6-3104-81ED-6BAA90BF7FA0}.Release|x64.ActiveCfg = Release|x64
		{AAFA38E5-29B6-3104-81ED-6BAA90BF7FA0}.Release|x64.Build.0 = Release|x64
		{AAFA38E5-29B6-3104-81ED-6BAA90BF7FA0}.MinSizeRel|x64.ActiveCfg = MinSizeRel|x64
		{AAFA38E5-29B6-3104-81ED-6BAA90BF7FA0}.MinSizeRel|x64.Build.0 = MinSizeRel|x64
		{AAFA38E5-29B6-3104-81ED-6BAA90BF7FA0}.RelWithDebInfo|x64.ActiveCfg = RelWithDebInfo|x64
		{AAFA38E5-29B6-3104-81ED-6BAA90BF7FA0}.RelWithDebInfo|x64.Build.0 = RelWithDebInfo|x64
		{36C08075-0E75-3765-B91C-2D1A4EDFB8CA}.Debug|x64.ActiveCfg = Debug|x64
		{36C08075-0E75-3765-B91C-2D1A4EDFB8CA}.Debug|x64.Build.0 = Debug|x64
		{36C08075-0E75-3765-B91C-2D1A4EDFB8CA}.Release|x64.ActiveCfg = Release|x64
		{36C08075-0E75-3765-B91C-2D1A4EDFB8CA}.Release|x64.Build.0 = Release|x64
		{36C08075-0E75-3765-B91C-2D1A4EDFB8CA}.MinSizeRel|x64.ActiveCfg = MinSizeRel|x64
		{36C08075-0E75-3765-B91C-2D1A4EDFB8CA}.MinSizeRel|x64.Build.0 = MinSizeRel|x64
		{36C08075-0E75-3765-B91C-2D1A4EDFB8CA}.RelWithDebInfo|x64.ActiveCfg = RelWithDebInfo|x64
		{36C08075-0E75-3765-B91C-2D1A4EDFB8CA}.RelWithDebInfo|x64.Build.0 = RelWithDebInfo|x64
		{6B9D75F2-A355-3E22-AF01-B0DE8B6538C2}.Debug|x64.ActiveCfg = Debug|x64
		{6B9D75F2-A355-3E22-AF01-B0DE8B6538C2}.Debug|x64.Build.0 = Debug|x64
		{6B9D75F2-A355-3E22-AF01-B0DE8B6538C2}.Release|x64.ActiveCfg = Release|x64
		{6B9D75F2-A355-3E22-AF01-B0DE8B6538C2}.Release|x64.Build.0 = Release|x64
		{6B9D75F2-A355-3E22-AF01-B0DE8B6538C2}.MinSizeRel|x64.ActiveCfg = MinSizeRel|x64
		{6B9D75F2-A355-3E22-AF01-B0DE8B6538C2}.MinSizeRel|x64.Build.0 = MinSizeRel|x64
		{6B9D75F2-A355-3E22-AF01-B0DE8B6538C2}.RelWithDebInfo|x64.ActiveCfg = RelWithDebInfo|x64
		{6B9D75F2-A355-3E22-AF01-B0DE8B6538C2}.RelWithDebInfo|x64.Build.0 = RelWithDebInfo|x64
		{61A91AC5-E5A0-3E8A-BE10-9663BBF22551}.Debug|x64.ActiveCfg = Debug|x64
		{61A91AC5-E5A0-3E8A-BE10-9663BBF22551}.Debug|x64.Build.0 = Debug|x64
		{61A91AC5-E5A0-3E8A-BE10-9663BBF22551}.Release|x64.ActiveCfg = Release|x64
		{61A91AC5-E5A0-3E8A-BE10-9663BBF22551}.Release|x64.Build.0 = Release|x64
		{61A91AC5-E5A0-3E8A-BE10-9663BBF22551}.MinSizeRel|x64.ActiveCfg = MinSizeRel|x64
		{61A91AC5-E5A0-3E8A-BE10-9663BBF22551}.MinSizeRel|x64.Build.0 = MinSizeRel|x64
		{61A91AC5-E5A0-3E8A-BE10-9663BBF22551}.RelWithDebInfo|x64.ActiveCfg = RelWithDebInfo|x64
		{61A91AC5-E5A0-3E8A-BE10-9663BBF22551}.RelWithDebInfo|x64.Build.0 = RelWithDebInfo|x64
		{2F414702-194F-3203-B7EA-372B45FAAC47}.Debug|x64.ActiveCfg = Debug|x64
		{2F414702-194F-3203-B7EA-372B45FAAC47}.Debug|x64.Build.0 = Debug|x64
		{2F414702-194F-3203-B7EA-372B45FAAC47}.Release|x64.ActiveCfg = Release|x64
		{2F414702-194F-3203-B7EA-372B45FAAC47}.Release|x64.Build.0 = Release|x64
		{2F414702-194F-3203-B7EA-372B45FAAC47}.MinSizeRel|x64.ActiveCfg = MinSizeRel|x64
		{2F414702-194F-3203-B7EA-372B45FAAC47}.MinSizeRel|x64.Build.0 = MinSizeRel|x64
		{2F414702-194F-3203-B7EA-372B45FAAC47}.RelWithDebInfo|x64.ActiveCfg = RelWithDebInfo|x64
		{2F414702-194F-3203-B7EA-372B45FAAC47}.RelWithDebInfo|x64.Build.0 = RelWithDebInfo|x64
		{E585C059-FC58-39FA-918B-DFCC8565FC94}.Debug|x64.ActiveCfg = Debug|x64
		{E585C059-FC58-39FA-918B-DFCC8565FC94}.Debug|x64.Build.0 = Debug|x64
		{E585C059-FC58-39FA-918B-DFCC8565FC94}.Release|x64.ActiveCfg = Release|x64
		{E585C059-FC58-39FA-918B-DFCC8565FC94}.Release|x64.Build.0 = Release|x64
		{E585C059-FC58-39FA-918B-DFCC8565FC94}.MinSizeRel|x64.ActiveCfg = MinSizeRel|x64
		{E585C059-FC58-39FA-918B-DFCC8565FC94}.MinSizeRel|x64.Build.0 = MinSizeRel|x64
		{E585C059-FC58-39FA-918B-DFCC8565FC94}.RelWithDebInfo|x64.ActiveCfg = RelWithDebInfo|x64
		{E585C059-FC58-39FA-918B-DFCC8565FC94}.RelWithDebInfo|x64.Build.0 = RelWithDebInfo|x64
		{29A342EE-1F45-3DC5-A9AD-D6ABBB7C7466}.Debug|x64.ActiveCfg = Debug|x64
		{29A342EE-1F45-3DC5-A9AD-D6ABBB7C7466}.Debug|x64.Build.0 = Debug|x64
		{29A342EE-1F45-3DC5-A9AD-D6ABBB7C7466}.Release|x64.ActiveCfg = Release|x64
		{29A342EE-1F45-3DC5-A9AD-D6ABBB7C7466}.Release|x64.Build.0 = Release|x64
		{29A342EE-1F45-3DC5-A9AD-D6ABBB7C7466}.MinSizeRel|x64.ActiveCfg = MinSizeRel|x64
		{29A342EE-1F45-3DC5-A9AD-D6ABBB7C7466}.MinSizeRel|x64.Build.0 = MinSizeRel|x64
		{29A342EE-1F45-3DC5-A9AD-D6ABBB7C7466}.RelWithDebInfo|x64.ActiveCfg = RelWithDebInfo|x64
		{29A342EE-1F45-3DC5-A9AD-D6ABBB7C7466}.RelWithDebInfo|x64.Build.0 = RelWithDebInfo|x64
		{2CCA9FF1-D91C-33F3-9476-7B494AF715B0}.Debug|x64.ActiveCfg = Debug|x64
		{2CCA9FF1-D91C-33F3-9476-7B494AF715B0}.Debug|x64.Build.0 = Debug|x64
		{2CCA9FF1-D91C-33F3-9476-7B494AF715B0}.Release|x64.ActiveCfg = Release|x64
		{2CCA9FF1-D91C-33F3-9476-7B494AF715B0}.Release|x64.Build.0 = Release|x64
		{2CCA9FF1-D91C-33F3-9476-7B494AF715B0}.MinSizeRel|x64.ActiveCfg = MinSizeRel|x64
		{2CCA9FF1-D91C-33F3-9476-7B494AF715B0}.MinSizeRel|x64.Build.0 = MinSizeRel|x64
		{2CCA9FF1-D91C-33F3-9476-7B494AF715B0}.RelWithDebInfo|x64.ActiveCfg = RelWithDebInfo|x64
		{2CCA9FF1-D91C-33F3-9476-7B494AF715B0}.RelWithDebInfo|x64.Build.0 = RelWithDebInfo|x64
		{2ED152DD-AAE2-3861-A489-9AA4D119EE00}.Debug|x64.ActiveCfg = Debug|x64
		{2ED152DD-AAE2-3861-A489-9AA4D119EE00}.Debug|x64.Build.0 = Debug|x64
		{2ED152DD-AAE2-3861-A489-9AA4D119EE00}.Release|x64.ActiveCfg = Release|x64
		{2ED152DD-AAE2-3861-A489-9AA4D119EE00}.Release|x64.Build.0 = Release|x64
		{2ED152DD-AAE2-3861-A489-9AA4D119EE00}.MinSizeRel|x64.ActiveCfg = MinSizeRel|x64
		{2ED152DD-AAE2-3861-A489-9AA4D119EE00}.MinSizeRel|x64.Build.0 = MinSizeRel|x64
		{2ED152DD-AAE2-3861-A489-9AA4D119EE00}.RelWithDebInfo|x64.ActiveCfg = RelWithDebInfo|x64
		{2ED152DD-AAE2-3861-A489-9AA4D119EE00}.RelWithDebInfo|x64.Build.0 = RelWithDebInfo|x64
	EndGlobalSection
	GlobalSection(ExtensibilityGlobals) = postSolution
	EndGlobalSection
	GlobalSection(ExtensibilityAddIns) = postSolution
	EndGlobalSection
EndGlobal
